
Microsoft Visual Studio Solution File, Format Version 12.00
# Visual Studio Version 17
VisualStudioVersion = 17.3.32901.215
MinimumVisualStudioVersion = 10.0.40219.1
Project("{FAE04EC0-301F-11D3-BF4B-00C04F79EFBC}") = "MoviesAPI", "MoviesAPI\MoviesAPI.csproj", "{CEAB0026-E809-489B-A0B3-5D80C63BB88E}"
EndProject
Global
	GlobalSection(SolutionConfigurationPlatforms) = preSolution
		Debug|Any CPU = Debug|Any CPU
		Release|Any CPU = Release|Any CPU
	EndGlobalSection
	GlobalSection(ProjectConfigurationPlatforms) = postSolution
		{CEAB0026-E809-489B-A0B3-5D80C63BB88E}.Debug|Any CPU.ActiveCfg = Debug|Any CPU
		{CEAB0026-E809-489B-A0B3-5D80C63BB88E}.Debug|Any CPU.Build.0 = Debug|Any CPU
		{CEAB0026-E809-489B-A0B3-5D80C63BB88E}.Release|Any CPU.ActiveCfg = Release|Any CPU
		{CEAB0026-E809-489B-A0B3-5D80C63BB88E}.Release|Any CPU.Build.0 = Release|Any CPU
	EndGlobalSection
	GlobalSection(SolutionProperties) = preSolution
		HideSolutionNode = FALSE
	EndGlobalSection
	GlobalSection(ExtensibilityGlobals) = postSolution
		SolutionGuid = {F77199D0-1882-4CBB-84B3-93E910637BE8}
	EndGlobalSection
EndGlobal
